
Microsoft Visual Studio Solution File, Format Version 12.00
# Visual Studio 2013
VisualStudioVersion = 12.0.21005.1
MinimumVisualStudioVersion = 10.0.40219.1
Project("{FAE04EC0-301F-11D3-BF4B-00C04F79EFBC}") = "2001190655_NguyenThanhLoc_PTPM_T1_TL", "2001190655_NguyenThanhLoc_PTPM_T1_TL\2001190655_NguyenThanhLoc_PTPM_T1_TL.csproj", "{5E41E969-1C46-4538-B329-1DBF83615528}"
EndProject
Global
	GlobalSection(SolutionConfigurationPlatforms) = preSolution
		Debug|Any CPU = Debug|Any CPU
		Release|Any CPU = Release|Any CPU
	EndGlobalSection
	GlobalSection(ProjectConfigurationPlatforms) = postSolution
		{5E41E969-1C46-4538-B329-1DBF83615528}.Debug|Any CPU.ActiveCfg = Debug|Any CPU
		{5E41E969-1C46-4538-B329-1DBF83615528}.Debug|Any CPU.Build.0 = Debug|Any CPU
		{5E41E969-1C46-4538-B329-1DBF83615528}.Release|Any CPU.ActiveCfg = Release|Any CPU
		{5E41E969-1C46-4538-B329-1DBF83615528}.Release|Any CPU.Build.0 = Release|Any CPU
	EndGlobalSection
	GlobalSection(SolutionProperties) = preSolution
		HideSolutionNode = FALSE
	EndGlobalSection
EndGlobal
